// !$*UTF8*$!
{
	archiveVersion = 1;
	classes = {
	};
	objectVersion = 46;
	objects = {

/* Begin PBXBuildFile section */
		55F9EB4C199F81ED00940484 /* Foundation.framework in Frameworks */ = {isa = PBXBuildFile; fileRef = 55F9EB4B199F81ED00940484 /* Foundation.framework */; };
		55F9EB4E199F81ED00940484 /* CoreGraphics.framework in Frameworks */ = {isa = PBXBuildFile; fileRef = 55F9EB4D199F81ED00940484 /* CoreGraphics.framework */; };
		55F9EB50199F81ED00940484 /* UIKit.framework in Frameworks */ = {isa = PBXBuildFile; fileRef = 55F9EB4F199F81ED00940484 /* UIKit.framework */; };
		55F9EB56199F81ED00940484 /* InfoPlist.strings in Resources */ = {isa = PBXBuildFile; fileRef = 55F9EB54199F81ED00940484 /* InfoPlist.strings */; };
		55F9EB58199F81ED00940484 /* main.m in Sources */ = {isa = PBXBuildFile; fileRef = 55F9EB57199F81ED00940484 /* main.m */; };
		55F9EB5C199F81ED00940484 /* ZYJAppDelegate.m in Sources */ = {isa = PBXBuildFile; fileRef = 55F9EB5B199F81ED00940484 /* ZYJAppDelegate.m */; };
		55F9EB5E199F81ED00940484 /* Images.xcassets in Resources */ = {isa = PBXBuildFile; fileRef = 55F9EB5D199F81ED00940484 /* Images.xcassets */; };
		55F9EB65199F81ED00940484 /* XCTest.framework in Frameworks */ = {isa = PBXBuildFile; fileRef = 55F9EB64199F81ED00940484 /* XCTest.framework */; };
		55F9EB66199F81ED00940484 /* Foundation.framework in Frameworks */ = {isa = PBXBuildFile; fileRef = 55F9EB4B199F81ED00940484 /* Foundation.framework */; };
		55F9EB67199F81ED00940484 /* UIKit.framework in Frameworks */ = {isa = PBXBuildFile; fileRef = 55F9EB4F199F81ED00940484 /* UIKit.framework */; };
		55F9EB6F199F81ED00940484 /* InfoPlist.strings in Resources */ = {isa = PBXBuildFile; fileRef = 55F9EB6D199F81ED00940484 /* InfoPlist.strings */; };
		55F9EB71199F81ED00940484 /* ViewSwitchTests.m in Sources */ = {isa = PBXBuildFile; fileRef = 55F9EB70199F81ED00940484 /* ViewSwitchTests.m */; };
		55F9EB7D199F820700940484 /* ZYJSwitchViewController.m in Sources */ = {isa = PBXBuildFile; fileRef = 55F9EB7B199F820700940484 /* ZYJSwitchViewController.m */; };
		55F9EB7E199F820700940484 /* ZYJSwitchViewController.xib in Resources */ = {isa = PBXBuildFile; fileRef = 55F9EB7C199F820700940484 /* ZYJSwitchViewController.xib */; };
		55F9EB83199F827400940484 /* ZYJBlueViewController.m in Sources */ = {isa = PBXBuildFile; fileRef = 55F9EB81199F827400940484 /* ZYJBlueViewController.m */; };
		55F9EB84199F827400940484 /* ZYJBlueViewController.xib in Resources */ = {isa = PBXBuildFile; fileRef = 55F9EB82199F827400940484 /* ZYJBlueViewController.xib */; };
		55F9EB88199F828C00940484 /* ZYJYellowViewController.m in Sources */ = {isa = PBXBuildFile; fileRef = 55F9EB86199F828C00940484 /* ZYJYellowViewController.m */; };
		55F9EB89199F828C00940484 /* ZYJYellowViewController.xib in Resources */ = {isa = PBXBuildFile; fileRef = 55F9EB87199F828C00940484 /* ZYJYellowViewController.xib */; };
/* End PBXBuildFile section */

/* Begin PBXContainerItemProxy section */
		55F9EB68199F81ED00940484 /* PBXContainerItemProxy */ = {
			isa = PBXContainerItemProxy;
			containerPortal = 55F9EB40199F81ED00940484 /* Project object */;
			proxyType = 1;
			remoteGlobalIDString = 55F9EB47199F81ED00940484;
			remoteInfo = ViewSwitch;
		};
/* End PBXContainerItemProxy section */

/* Begin PBXFileReference section */
		55F9EB48199F81ED00940484 /* ViewSwitch.app */ = {isa = PBXFileReference; explicitFileType = wrapper.application; includeInIndex = 0; path = ViewSwitch.app; sourceTree = BUILT_PRODUCTS_DIR; };
		55F9EB4B199F81ED00940484 /* Foundation.framework */ = {isa = PBXFileReference; lastKnownFileType = wrapper.framework; name = Foundation.framework; path = System/Library/Frameworks/Foundation.framework; sourceTree = SDKROOT; };
		55F9EB4D199F81ED00940484 /* CoreGraphics.framework */ = {isa = PBXFileReference; lastKnownFileType = wrapper.framework; name = CoreGraphics.framework; path = System/Library/Frameworks/CoreGraphics.framework; sourceTree = SDKROOT; };
		55F9EB4F199F81ED00940484 /* UIKit.framework */ = {isa = PBXFileReference; lastKnownFileType = wrapper.framework; name = UIKit.framework; path = System/Library/Frameworks/UIKit.framework; sourceTree = SDKROOT; };
		55F9EB53199F81ED00940484 /* ViewSwitch-Info.plist */ = {isa = PBXFileReference; lastKnownFileType = text.plist.xml; path = "ViewSwitch-Info.plist"; sourceTree = "<group>"; };
		55F9EB55199F81ED00940484 /* en */ = {isa = PBXFileReference; lastKnownFileType = text.plist.strings; name = en; path = en.lproj/InfoPlist.strings; sourceTree = "<group>"; };
		55F9EB57199F81ED00940484 /* main.m */ = {isa = PBXFileReference; lastKnownFileType = sourcecode.c.objc; path = main.m; sourceTree = "<group>"; };
		55F9EB59199F81ED00940484 /* ViewSwitch-Prefix.pch */ = {isa = PBXFileReference; lastKnownFileType = sourcecode.c.h; path = "ViewSwitch-Prefix.pch"; sourceTree = "<group>"; };
		55F9EB5A199F81ED00940484 /* ZYJAppDelegate.h */ = {isa = PBXFileReference; lastKnownFileType = sourcecode.c.h; path = ZYJAppDelegate.h; sourceTree = "<group>"; };
		55F9EB5B199F81ED00940484 /* ZYJAppDelegate.m */ = {isa = PBXFileReference; lastKnownFileType = sourcecode.c.objc; path = ZYJAppDelegate.m; sourceTree = "<group>"; };
		55F9EB5D199F81ED00940484 /* Images.xcassets */ = {isa = PBXFileReference; lastKnownFileType = folder.assetcatalog; path = Images.xcassets; sourceTree = "<group>"; };
		55F9EB63199F81ED00940484 /* ViewSwitchTests.xctest */ = {isa = PBXFileReference; explicitFileType = wrapper.cfbundle; includeInIndex = 0; path = ViewSwitchTests.xctest; sourceTree = BUILT_PRODUCTS_DIR; };
		55F9EB64199F81ED00940484 /* XCTest.framework */ = {isa = PBXFileReference; lastKnownFileType = wrapper.framework; name = XCTest.framework; path = Library/Frameworks/XCTest.framework; sourceTree = DEVELOPER_DIR; };
		55F9EB6C199F81ED00940484 /* ViewSwitchTests-Info.plist */ = {isa = PBXFileReference; lastKnownFileType = text.plist.xml; path = "ViewSwitchTests-Info.plist"; sourceTree = "<group>"; };
		55F9EB6E199F81ED00940484 /* en */ = {isa = PBXFileReference; lastKnownFileType = text.plist.strings; name = en; path = en.lproj/InfoPlist.strings; sourceTree = "<group>"; };
		55F9EB70199F81ED00940484 /* ViewSwitchTests.m */ = {isa = PBXFileReference; lastKnownFileType = sourcecode.c.objc; path = ViewSwitchTests.m; sourceTree = "<group>"; };
		55F9EB7A199F820700940484 /* ZYJSwitchViewController.h */ = {isa = PBXFileReference; fileEncoding = 4; lastKnownFileType = sourcecode.c.h; path = ZYJSwitchViewController.h; sourceTree = "<group>"; };
		55F9EB7B199F820700940484 /* ZYJSwitchViewController.m */ = {isa = PBXFileReference; fileEncoding = 4; lastKnownFileType = sourcecode.c.objc; path = ZYJSwitchViewController.m; sourceTree = "<group>"; };
		55F9EB7C199F820700940484 /* ZYJSwitchViewController.xib */ = {isa = PBXFileReference; fileEncoding = 4; lastKnownFileType = file.xib; path = ZYJSwitchViewController.xib; sourceTree = "<group>"; };
		55F9EB80199F827400940484 /* ZYJBlueViewController.h */ = {isa = PBXFileReference; fileEncoding = 4; lastKnownFileType = sourcecode.c.h; path = ZYJBlueViewController.h; sourceTree = "<group>"; };
		55F9EB81199F827400940484 /* ZYJBlueViewController.m */ = {isa = PBXFileReference; fileEncoding = 4; lastKnownFileType = sourcecode.c.objc; path = ZYJBlueViewController.m; sourceTree = "<group>"; };
		55F9EB82199F827400940484 /* ZYJBlueViewController.xib */ = {isa = PBXFileReference; fileEncoding = 4; lastKnownFileType = file.xib; path = ZYJBlueViewController.xib; sourceTree = "<group>"; };
		55F9EB85199F828C00940484 /* ZYJYellowViewController.h */ = {isa = PBXFileReference; fileEncoding = 4; lastKnownFileType = sourcecode.c.h; path = ZYJYellowViewController.h; sourceTree = "<group>"; };
		55F9EB86199F828C00940484 /* ZYJYellowViewController.m */ = {isa = PBXFileReference; fileEncoding = 4; lastKnownFileType = sourcecode.c.objc; path = ZYJYellowViewController.m; sourceTree = "<group>"; };
		55F9EB87199F828C00940484 /* ZYJYellowViewController.xib */ = {isa = PBXFileReference; fileEncoding = 4; lastKnownFileType = file.xib; path = ZYJYellowViewController.xib; sourceTree = "<group>"; };
/* End PBXFileReference section */

/* Begin PBXFrameworksBuildPhase section */
		55F9EB45199F81ED00940484 /* Frameworks */ = {
			isa = PBXFrameworksBuildPhase;
			buildActionMask = 2147483647;
			files = (
				55F9EB4E199F81ED00940484 /* CoreGraphics.framework in Frameworks */,
				55F9EB50199F81ED00940484 /* UIKit.framework in Frameworks */,
				55F9EB4C199F81ED00940484 /* Foundation.framework in Frameworks */,
			);
			runOnlyForDeploymentPostprocessing = 0;
		};
		55F9EB60199F81ED00940484 /* Frameworks */ = {
			isa = PBXFrameworksBuildPhase;
			buildActionMask = 2147483647;
			files = (
				55F9EB65199F81ED00940484 /* XCTest.framework in Frameworks */,
				55F9EB67199F81ED00940484 /* UIKit.framework in Frameworks */,
				55F9EB66199F81ED00940484 /* Foundation.framework in Frameworks */,
			);
			runOnlyForDeploymentPostprocessing = 0;
		};
/* End PBXFrameworksBuildPhase section */

/* Begin PBXGroup section */
		55F9EB3F199F81ED00940484 = {
			isa = PBXGroup;
			children = (
				55F9EB7F199F821C00940484 /* UI */,
				55F9EB51199F81ED00940484 /* ViewSwitch */,
				55F9EB6A199F81ED00940484 /* ViewSwitchTests */,
				55F9EB4A199F81ED00940484 /* Frameworks */,
				55F9EB49199F81ED00940484 /* Products */,
			);
			sourceTree = "<group>";
		};
		55F9EB49199F81ED00940484 /* Products */ = {
			isa = PBXGroup;
			children = (
				55F9EB48199F81ED00940484 /* ViewSwitch.app */,
				55F9EB63199F81ED00940484 /* ViewSwitchTests.xctest */,
			);
			name = Products;
			sourceTree = "<group>";
		};
		55F9EB4A199F81ED00940484 /* Frameworks */ = {
			isa = PBXGroup;
			children = (
				55F9EB4B199F81ED00940484 /* Foundation.framework */,
				55F9EB4D199F81ED00940484 /* CoreGraphics.framework */,
				55F9EB4F199F81ED00940484 /* UIKit.framework */,
				55F9EB64199F81ED00940484 /* XCTest.framework */,
			);
			name = Frameworks;
			sourceTree = "<group>";
		};
		55F9EB51199F81ED00940484 /* ViewSwitch */ = {
			isa = PBXGroup;
			children = (
				55F9EB5A199F81ED00940484 /* ZYJAppDelegate.h */,
				55F9EB5B199F81ED00940484 /* ZYJAppDelegate.m */,
				55F9EB5D199F81ED00940484 /* Images.xcassets */,
				55F9EB52199F81ED00940484 /* Supporting Files */,
			);
			path = ViewSwitch;
			sourceTree = "<group>";
		};
		55F9EB52199F81ED00940484 /* Supporting Files */ = {
			isa = PBXGroup;
			children = (
				55F9EB53199F81ED00940484 /* ViewSwitch-Info.plist */,
				55F9EB54199F81ED00940484 /* InfoPlist.strings */,
				55F9EB57199F81ED00940484 /* main.m */,
				55F9EB59199F81ED00940484 /* ViewSwitch-Prefix.pch */,
			);
			name = "Supporting Files";
			sourceTree = "<group>";
		};
		55F9EB6A199F81ED00940484 /* ViewSwitchTests */ = {
			isa = PBXGroup;
			children = (
				55F9EB70199F81ED00940484 /* ViewSwitchTests.m */,
				55F9EB6B199F81ED00940484 /* Supporting Files */,
			);
			path = ViewSwitchTests;
			sourceTree = "<group>";
		};
		55F9EB6B199F81ED00940484 /* Supporting Files */ = {
			isa = PBXGroup;
			children = (
				55F9EB6C199F81ED00940484 /* ViewSwitchTests-Info.plist */,
				55F9EB6D199F81ED00940484 /* InfoPlist.strings */,
			);
			name = "Supporting Files";
			sourceTree = "<group>";
		};
		55F9EB7F199F821C00940484 /* UI */ = {
			isa = PBXGroup;
			children = (
				55F9EB85199F828C00940484 /* ZYJYellowViewController.h */,
				55F9EB86199F828C00940484 /* ZYJYellowViewController.m */,
				55F9EB87199F828C00940484 /* ZYJYellowViewController.xib */,
				55F9EB80199F827400940484 /* ZYJBlueViewController.h */,
				55F9EB81199F827400940484 /* ZYJBlueViewController.m */,
				55F9EB82199F827400940484 /* ZYJBlueViewController.xib */,
				55F9EB7B199F820700940484 /* ZYJSwitchViewController.m */,
				55F9EB7C199F820700940484 /* ZYJSwitchViewController.xib */,
				55F9EB7A199F820700940484 /* ZYJSwitchViewController.h */,
			);
			name = UI;
			sourceTree = "<group>";
		};
/* End PBXGroup section */

/* Begin PBXNativeTarget section */
		55F9EB47199F81ED00940484 /* ViewSwitch */ = {
			isa = PBXNativeTarget;
			buildConfigurationList = 55F9EB74199F81ED00940484 /* Build configuration list for PBXNativeTarget "ViewSwitch" */;
			buildPhases = (
				55F9EB44199F81ED00940484 /* Sources */,
				55F9EB45199F81ED00940484 /* Frameworks */,
				55F9EB46199F81ED00940484 /* Resources */,
			);
			buildRules = (
			);
			dependencies = (
			);
			name = ViewSwitch;
			productName = ViewSwitch;
			productReference = 55F9EB48199F81ED00940484 /* ViewSwitch.app */;
			productType = "com.apple.product-type.application";
		};
		55F9EB62199F81ED00940484 /* ViewSwitchTests */ = {
			isa = PBXNativeTarget;
			buildConfigurationList = 55F9EB77199F81ED00940484 /* Build configuration list for PBXNativeTarget "ViewSwitchTests" */;
			buildPhases = (
				55F9EB5F199F81ED00940484 /* Sources */,
				55F9EB60199F81ED00940484 /* Frameworks */,
				55F9EB61199F81ED00940484 /* Resources */,
			);
			buildRules = (
			);
			dependencies = (
				55F9EB69199F81ED00940484 /* PBXTargetDependency */,
			);
			name = ViewSwitchTests;
			productName = ViewSwitchTests;
			productReference = 55F9EB63199F81ED00940484 /* ViewSwitchTests.xctest */;
			productType = "com.apple.product-type.bundle.unit-test";
		};
/* End PBXNativeTarget section */

/* Begin PBXProject section */
		55F9EB40199F81ED00940484 /* Project object */ = {
			isa = PBXProject;
			attributes = {
				CLASSPREFIX = ZYJ;
				LastUpgradeCheck = 0510;
				ORGANIZATIONNAME = "苏州达芯微";
				TargetAttributes = {
					55F9EB62199F81ED00940484 = {
						TestTargetID = 55F9EB47199F81ED00940484;
					};
				};
			};
			buildConfigurationList = 55F9EB43199F81ED00940484 /* Build configuration list for PBXProject "ViewSwitch" */;
			compatibilityVersion = "Xcode 3.2";
			developmentRegion = English;
			hasScannedForEncodings = 0;
			knownRegions = (
				en,
			);
			mainGroup = 55F9EB3F199F81ED00940484;
			productRefGroup = 55F9EB49199F81ED00940484 /* Products */;
			projectDirPath = "";
			projectRoot = "";
			targets = (
				55F9EB47199F81ED00940484 /* ViewSwitch */,
				55F9EB62199F81ED00940484 /* ViewSwitchTests */,
			);
		};
/* End PBXProject section */

/* Begin PBXResourcesBuildPhase section */
		55F9EB46199F81ED00940484 /* Resources */ = {
			isa = PBXResourcesBuildPhase;
			buildActionMask = 2147483647;
			files = (
				55F9EB89199F828C00940484 /* ZYJYellowViewController.xib in Resources */,
				55F9EB7E199F820700940484 /* ZYJSwitchViewController.xib in Resources */,
				55F9EB56199F81ED00940484 /* InfoPlist.strings in Resources */,
				55F9EB84199F827400940484 /* ZYJBlueViewController.xib in Resources */,
				55F9EB5E199F81ED00940484 /* Images.xcassets in Resources */,
			);
			runOnlyForDeploymentPostprocessing = 0;
		};
		55F9EB61199F81ED00940484 /* Resources */ = {
			isa = PBXResourcesBuildPhase;
			buildActionMask = 2147483647;
			files = (
				55F9EB6F199F81ED00940484 /* InfoPlist.strings in Resources */,
			);
			runOnlyForDeploymentPostprocessing = 0;
		};
/* End PBXResourcesBuildPhase section */

/* Begin PBXSourcesBuildPhase section */
		55F9EB44199F81ED00940484 /* Sources */ = {
			isa = PBXSourcesBuildPhase;
			buildActionMask = 2147483647;
			files = (
				55F9EB5C199F81ED00940484 /* ZYJAppDelegate.m in Sources */,
				55F9EB88199F828C00940484 /* ZYJYellowViewController.m in Sources */,
				55F9EB7D199F820700940484 /* ZYJSwitchViewController.m in Sources */,
				55F9EB83199F827400940484 /* ZYJBlueViewController.m in Sources */,
				55F9EB58199F81ED00940484 /* main.m in Sources */,
			);
			runOnlyForDeploymentPostprocessing = 0;
		};
		55F9EB5F199F81ED00940484 /* Sources */ = {
			isa = PBXSourcesBuildPhase;
			buildActionMask = 2147483647;
			files = (
				55F9EB71199F81ED00940484 /* ViewSwitchTests.m in Sources */,
			);
			runOnlyForDeploymentPostprocessing = 0;
		};
/* End PBXSourcesBuildPhase section */

/* Begin PBXTargetDependency section */
		55F9EB69199F81ED00940484 /* PBXTargetDependency */ = {
			isa = PBXTargetDependency;
			target = 55F9EB47199F81ED00940484 /* ViewSwitch */;
			targetProxy = 55F9EB68199F81ED00940484 /* PBXContainerItemProxy */;
		};
/* End PBXTargetDependency section */

/* Begin PBXVariantGroup section */
		55F9EB54199F81ED00940484 /* InfoPlist.strings */ = {
			isa = PBXVariantGroup;
			children = (
				55F9EB55199F81ED00940484 /* en */,
			);
			name = InfoPlist.strings;
			sourceTree = "<group>";
		};
		55F9EB6D199F81ED00940484 /* InfoPlist.strings */ = {
			isa = PBXVariantGroup;
			children = (
				55F9EB6E199F81ED00940484 /* en */,
			);
			name = InfoPlist.strings;
			sourceTree = "<group>";
		};
/* End PBXVariantGroup section */

/* Begin XCBuildConfiguration section */
		55F9EB72199F81ED00940484 /* Debug */ = {
			isa = XCBuildConfiguration;
			buildSettings = {
				ALWAYS_SEARCH_USER_PATHS = NO;
				CLANG_CXX_LANGUAGE_STANDARD = "gnu++0x";
				CLANG_CXX_LIBRARY = "libc++";
				CLANG_ENABLE_MODULES = YES;
				CLANG_ENABLE_OBJC_ARC = YES;
				CLANG_WARN_BOOL_CONVERSION = YES;
				CLANG_WARN_CONSTANT_CONVERSION = YES;
				CLANG_WARN_DIRECT_OBJC_ISA_USAGE = YES_ERROR;
				CLANG_WARN_EMPTY_BODY = YES;
				CLANG_WARN_ENUM_CONVERSION = YES;
				CLANG_WARN_INT_CONVERSION = YES;
				CLANG_WARN_OBJC_ROOT_CLASS = YES_ERROR;
				CLANG_WARN__DUPLICATE_METHOD_MATCH = YES;
				"CODE_SIGN_IDENTITY[sdk=iphoneos*]" = "iPhone Developer";
				COPY_PHASE_STRIP = NO;
				GCC_C_LANGUAGE_STANDARD = gnu99;
				GCC_DYNAMIC_NO_PIC = NO;
				GCC_OPTIMIZATION_LEVEL = 0;
				GCC_PREPROCESSOR_DEFINITIONS = (
					"DEBUG=1",
					"$(inherited)",
				);
				GCC_SYMBOLS_PRIVATE_EXTERN = NO;
				GCC_WARN_64_TO_32_BIT_CONVERSION = YES;
				GCC_WARN_ABOUT_RETURN_TYPE = YES_ERROR;
				GCC_WARN_UNDECLARED_SELECTOR = YES;
				GCC_WARN_UNINITIALIZED_AUTOS = YES_AGGRESSIVE;
				GCC_WARN_UNUSED_FUNCTION = YES;
				GCC_WARN_UNUSED_VARIABLE = YES;
				IPHONEOS_DEPLOYMENT_TARGET = 7.1;
				ONLY_ACTIVE_ARCH = YES;
				SDKROOT = iphoneos;
			};
			name = Debug;
		};
		55F9EB73199F81ED00940484 /* Release */ = {
			isa = XCBuildConfiguration;
			buildSettings = {
				ALWAYS_SEARCH_USER_PATHS = NO;
				CLANG_CXX_LANGUAGE_STANDARD = "gnu++0x";
				CLANG_CXX_LIBRARY = "libc++";
				CLANG_ENABLE_MODULES = YES;
				CLANG_ENABLE_OBJC_ARC = YES;
				CLANG_WARN_BOOL_CONVERSION = YES;
				CLANG_WARN_CONSTANT_CONVERSION = YES;
				CLANG_WARN_DIRECT_OBJC_ISA_USAGE = YES_ERROR;
				CLANG_WARN_EMPTY_BODY = YES;
				CLANG_WARN_ENUM_CONVERSION = YES;
				CLANG_WARN_INT_CONVERSION = YES;
				CLANG_WARN_OBJC_ROOT_CLASS = YES_ERROR;
				CLANG_WARN__DUPLICATE_METHOD_MATCH = YES;
				"CODE_SIGN_IDENTITY[sdk=iphoneos*]" = "iPhone Developer";
				COPY_PHASE_STRIP = YES;
				ENABLE_NS_ASSERTIONS = NO;
				GCC_C_LANGUAGE_STANDARD = gnu99;
				GCC_WARN_64_TO_32_BIT_CONVERSION = YES;
				GCC_WARN_ABOUT_RETURN_TYPE = YES_ERROR;
				GCC_WARN_UNDECLARED_SELECTOR = YES;
				GCC_WARN_UNINITIALIZED_AUTOS = YES_AGGRESSIVE;
				GCC_WARN_UNUSED_FUNCTION = YES;
				GCC_WARN_UNUSED_VARIABLE = YES;
				IPHONEOS_DEPLOYMENT_TARGET = 7.1;
				SDKROOT = iphoneos;
				VALIDATE_PRODUCT = YES;
			};
			name = Release;
		};
		55F9EB75199F81ED00940484 /* Debug */ = {
			isa = XCBuildConfiguration;
			buildSettings = {
				ASSETCATALOG_COMPILER_APPICON_NAME = AppIcon;
				ASSETCATALOG_COMPILER_LAUNCHIMAGE_NAME = LaunchImage;
				GCC_PRECOMPILE_PREFIX_HEADER = YES;
				GCC_PREFIX_HEADER = "ViewSwitch/ViewSwitch-Prefix.pch";
				INFOPLIST_FILE = "ViewSwitch/ViewSwitch-Info.plist";
				PRODUCT_NAME = "$(TARGET_NAME)";
				WRAPPER_EXTENSION = app;
			};
			name = Debug;
		};
		55F9EB76199F81ED00940484 /* Release */ = {
			isa = XCBuildConfiguration;
			buildSettings = {
				ASSETCATALOG_COMPILER_APPICON_NAME = AppIcon;
				ASSETCATALOG_COMPILER_LAUNCHIMAGE_NAME = LaunchImage;
				GCC_PRECOMPILE_PREFIX_HEADER = YES;
				GCC_PREFIX_HEADER = "ViewSwitch/ViewSwitch-Prefix.pch";
				INFOPLIST_FILE = "ViewSwitch/ViewSwitch-Info.plist";
				PRODUCT_NAME = "$(TARGET_NAME)";
				WRAPPER_EXTENSION = app;
			};
			name = Release;
		};
		55F9EB78199F81ED00940484 /* Debug */ = {
			isa = XCBuildConfiguration;
			buildSettings = {
				BUNDLE_LOADER = "$(BUILT_PRODUCTS_DIR)/ViewSwitch.app/ViewSwitch";
				FRAMEWORK_SEARCH_PATHS = (
					"$(SDKROOT)/Developer/Library/Frameworks",
					"$(inherited)",
					"$(DEVELOPER_FRAMEWORKS_DIR)",
				);
				GCC_PRECOMPILE_PREFIX_HEADER = YES;
				GCC_PREFIX_HEADER = "ViewSwitch/ViewSwitch-Prefix.pch";
				GCC_PREPROCESSOR_DEFINITIONS = (
					"DEBUG=1",
					"$(inherited)",
				);
				INFOPLIST_FILE = "ViewSwitchTests/ViewSwitchTests-Info.plist";
				PRODUCT_NAME = "$(TARGET_NAME)";
				TEST_HOST = "$(BUNDLE_LOADER)";
				WRAPPER_EXTENSION = xctest;
			};
			name = Debug;
		};
		55F9EB79199F81ED00940484 /* Release */ = {
			isa = XCBuildConfiguration;
			buildSettings = {
				BUNDLE_LOADER = "$(BUILT_PRODUCTS_DIR)/ViewSwitch.app/ViewSwitch";
				FRAMEWORK_SEARCH_PATHS = (
					"$(SDKROOT)/Developer/Library/Frameworks",
					"$(inherited)",
					"$(DEVELOPER_FRAMEWORKS_DIR)",
				);
				GCC_PRECOMPILE_PREFIX_HEADER = YES;
				GCC_PREFIX_HEADER = "ViewSwitch/ViewSwitch-Prefix.pch";
				INFOPLIST_FILE = "ViewSwitchTests/ViewSwitchTests-Info.plist";
				PRODUCT_NAME = "$(TARGET_NAME)";
				TEST_HOST = "$(BUNDLE_LOADER)";
				WRAPPER_EXTENSION = xctest;
			};
			name = Release;
		};
/* End XCBuildConfiguration section */

/* Begin XCConfigurationList section */
		55F9EB43199F81ED00940484 /* Build configuration list for PBXProject "ViewSwitch" */ = {
			isa = XCConfigurationList;
			buildConfigurations = (
				55F9EB72199F81ED00940484 /* Debug */,
				55F9EB73199F81ED00940484 /* Release */,
			);
			defaultConfigurationIsVisible = 0;
			defaultConfigurationName = Release;
		};
		55F9EB74199F81ED00940484 /* Build configuration list for PBXNativeTarget "ViewSwitch" */ = {
			isa = XCConfigurationList;
			buildConfigurations = (
				55F9EB75199F81ED00940484 /* Debug */,
				55F9EB76199F81ED00940484 /* Release */,
			);
			defaultConfigurationIsVisible = 0;
		};
		55F9EB77199F81ED00940484 /* Build configuration list for PBXNativeTarget "ViewSwitchTests" */ = {
			isa = XCConfigurationList;
			buildConfigurations = (
				55F9EB78199F81ED00940484 /* Debug */,
				55F9EB79199F81ED00940484 /* Release */,
			);
			defaultConfigurationIsVisible = 0;
		};
/* End XCConfigurationList section */
	};
	rootObject = 55F9EB40199F81ED00940484 /* Project object */;
}
